<Solution>
    <Project Path="src/ApiService/ApiService.csproj" />
    <Project Path="src/AppHost/AppHost.csproj" />
    <Project Path="src/BlazorFrontend/BlazorFrontend.csproj" />
    <Project Path="src/Infrastructure/Infrastructure.csproj" />
    <Project Path="src/MigrationService/MigrationService.csproj" />
    <Project Path="src/ServiceDefaults/ServiceDefaults.csproj" />
</Solution>
